
Microsoft Visual Studio Solution File, Format Version 12.00
# Visual Studio 15
VisualStudioVersion = 15.0.28307.136
MinimumVisualStudioVersion = 10.0.40219.1
Project("{FAE04EC0-301F-11D3-BF4B-00C04F79EFBC}") = "NSLoader", "NSLoader.csproj", "{33FCD856-2414-4A47-814A-07A50FB8D937}"
EndProject
Project("{8BC9CEB8-8B4A-11D0-8D11-00A0C91BC942}") = "InjectLib", "InjectLib\InjectLib.vcxproj", "{12CB9E48-581B-4FD9-B5A0-3506FA59BD82}"
EndProject
Global
	GlobalSection(SolutionConfigurationPlatforms) = preSolution
		Debug|Any CPU = Debug|Any CPU
		Debug|x64 = Debug|x64
		Debug|x86 = Debug|x86
		Release|Any CPU = Release|Any CPU
		Release|x64 = Release|x64
		Release|x86 = Release|x86
	EndGlobalSection
	GlobalSection(ProjectConfigurationPlatforms) = postSolution
		{33FCD856-2414-4A47-814A-07A50FB8D937}.Debug|Any CPU.ActiveCfg = Debug|Any CPU
		{33FCD856-2414-4A47-814A-07A50FB8D937}.Debug|Any CPU.Build.0 = Debug|Any CPU
		{33FCD856-2414-4A47-814A-07A50FB8D937}.Debug|x64.ActiveCfg = Debug|Any CPU
		{33FCD856-2414-4A47-814A-07A50FB8D937}.Debug|x64.Build.0 = Debug|Any CPU
		{33FCD856-2414-4A47-814A-07A50FB8D937}.Debug|x86.ActiveCfg = Debug|Any CPU
		{33FCD856-2414-4A47-814A-07A50FB8D937}.Debug|x86.Build.0 = Debug|Any CPU
		{33FCD856-2414-4A47-814A-07A50FB8D937}.Release|Any CPU.ActiveCfg = Release|Any CPU
		{33FCD856-2414-4A47-814A-07A50FB8D937}.Release|Any CPU.Build.0 = Release|Any CPU
		{33FCD856-2414-4A47-814A-07A50FB8D937}.Release|x64.ActiveCfg = Release|Any CPU
		{33FCD856-2414-4A47-814A-07A50FB8D937}.Release|x64.Build.0 = Release|Any CPU
		{33FCD856-2414-4A47-814A-07A50FB8D937}.Release|x86.ActiveCfg = Release|Any CPU
		{33FCD856-2414-4A47-814A-07A50FB8D937}.Release|x86.Build.0 = Release|Any CPU
		{12CB9E48-581B-4FD9-B5A0-3506FA59BD82}.Debug|Any CPU.ActiveCfg = Debug|Win32
		{12CB9E48-581B-4FD9-B5A0-3506FA59BD82}.Debug|x64.ActiveCfg = Debug|x64
		{12CB9E48-581B-4FD9-B5A0-3506FA59BD82}.Debug|x64.Build.0 = Debug|x64
		{12CB9E48-581B-4FD9-B5A0-3506FA59BD82}.Debug|x86.ActiveCfg = Debug|Win32
		{12CB9E48-581B-4FD9-B5A0-3506FA59BD82}.Debug|x86.Build.0 = Debug|Win32
		{12CB9E48-581B-4FD9-B5A0-3506FA59BD82}.Release|Any CPU.ActiveCfg = Release|Win32
		{12CB9E48-581B-4FD9-B5A0-3506FA59BD82}.Release|x64.ActiveCfg = Release|x64
		{12CB9E48-581B-4FD9-B5A0-3506FA59BD82}.Release|x64.Build.0 = Release|x64
		{12CB9E48-581B-4FD9-B5A0-3506FA59BD82}.Release|x86.ActiveCfg = Release|Win32
		{12CB9E48-581B-4FD9-B5A0-3506FA59BD82}.Release|x86.Build.0 = Release|Win32
	EndGlobalSection
	GlobalSection(SolutionProperties) = preSolution
		HideSolutionNode = FALSE
	EndGlobalSection
	GlobalSection(ExtensibilityGlobals) = postSolution
		SolutionGuid = {5760A5D4-A796-47C9-AB2B-1C8E78CE6517}
	EndGlobalSection
EndGlobal
