
Microsoft Visual Studio Solution File, Format Version 12.00
# Visual Studio 15
VisualStudioVersion = 15.0.28307.136
MinimumVisualStudioVersion = 10.0.40219.1
Project("{FAE04EC0-301F-11D3-BF4B-00C04F79EFBC}") = "NSLoader", "NSLoader.csproj", "{33FCD856-2414-4A47-814A-07A50FB8D937}"
EndProject
Project("{8BC9CEB8-8B4A-11D0-8D11-00A0C91BC942}") = "InjectLib", "InjectLib\InjectLib.vcxproj", "{12CB9E48-581B-4FD9-B5A0-3506FA59BD82}"
EndProject
Project("{8BC9CEB8-8B4A-11D0-8D11-00A0C91BC942}") = "BlackBone", "BlackBone\src\BlackBone\BlackBone.vcxproj", "{A2C53563-46F5-4D87-903F-3F1F2FDB2DEB}"
EndProject
Global
	GlobalSection(SolutionConfigurationPlatforms) = preSolution
		Debug(DLL)|Any CPU = Debug(DLL)|Any CPU
		Debug(DLL)|x64 = Debug(DLL)|x64
		Debug(DLL)|x86 = Debug(DLL)|x86
		Debug(XP)|Any CPU = Debug(XP)|Any CPU
		Debug(XP)|x64 = Debug(XP)|x64
		Debug(XP)|x86 = Debug(XP)|x86
		Debug|Any CPU = Debug|Any CPU
		Debug|x64 = Debug|x64
		Debug|x86 = Debug|x86
		Release(DLL)|Any CPU = Release(DLL)|Any CPU
		Release(DLL)|x64 = Release(DLL)|x64
		Release(DLL)|x86 = Release(DLL)|x86
		Release(XP)|Any CPU = Release(XP)|Any CPU
		Release(XP)|x64 = Release(XP)|x64
		Release(XP)|x86 = Release(XP)|x86
		Release|Any CPU = Release|Any CPU
		Release|x64 = Release|x64
		Release|x86 = Release|x86
	EndGlobalSection
	GlobalSection(ProjectConfigurationPlatforms) = postSolution
		{33FCD856-2414-4A47-814A-07A50FB8D937}.Debug(DLL)|Any CPU.ActiveCfg = Debug|Any CPU
		{33FCD856-2414-4A47-814A-07A50FB8D937}.Debug(DLL)|Any CPU.Build.0 = Debug|Any CPU
		{33FCD856-2414-4A47-814A-07A50FB8D937}.Debug(DLL)|x64.ActiveCfg = Debug|Any CPU
		{33FCD856-2414-4A47-814A-07A50FB8D937}.Debug(DLL)|x64.Build.0 = Debug|Any CPU
		{33FCD856-2414-4A47-814A-07A50FB8D937}.Debug(DLL)|x86.ActiveCfg = Debug|Any CPU
		{33FCD856-2414-4A47-814A-07A50FB8D937}.Debug(DLL)|x86.Build.0 = Debug|Any CPU
		{33FCD856-2414-4A47-814A-07A50FB8D937}.Debug(XP)|Any CPU.ActiveCfg = Debug|Any CPU
		{33FCD856-2414-4A47-814A-07A50FB8D937}.Debug(XP)|Any CPU.Build.0 = Debug|Any CPU
		{33FCD856-2414-4A47-814A-07A50FB8D937}.Debug(XP)|x64.ActiveCfg = Debug|Any CPU
		{33FCD856-2414-4A47-814A-07A50FB8D937}.Debug(XP)|x64.Build.0 = Debug|Any CPU
		{33FCD856-2414-4A47-814A-07A50FB8D937}.Debug(XP)|x86.ActiveCfg = Debug|Any CPU
		{33FCD856-2414-4A47-814A-07A50FB8D937}.Debug(XP)|x86.Build.0 = Debug|Any CPU
		{33FCD856-2414-4A47-814A-07A50FB8D937}.Debug|Any CPU.ActiveCfg = Debug|Any CPU
		{33FCD856-2414-4A47-814A-07A50FB8D937}.Debug|Any CPU.Build.0 = Debug|Any CPU
		{33FCD856-2414-4A47-814A-07A50FB8D937}.Debug|x64.ActiveCfg = Debug|Any CPU
		{33FCD856-2414-4A47-814A-07A50FB8D937}.Debug|x64.Build.0 = Debug|Any CPU
		{33FCD856-2414-4A47-814A-07A50FB8D937}.Debug|x86.ActiveCfg = Debug|Any CPU
		{33FCD856-2414-4A47-814A-07A50FB8D937}.Debug|x86.Build.0 = Debug|Any CPU
		{33FCD856-2414-4A47-814A-07A50FB8D937}.Release(DLL)|Any CPU.ActiveCfg = Release|Any CPU
		{33FCD856-2414-4A47-814A-07A50FB8D937}.Release(DLL)|Any CPU.Build.0 = Release|Any CPU
		{33FCD856-2414-4A47-814A-07A50FB8D937}.Release(DLL)|x64.ActiveCfg = Release|Any CPU
		{33FCD856-2414-4A47-814A-07A50FB8D937}.Release(DLL)|x64.Build.0 = Release|Any CPU
		{33FCD856-2414-4A47-814A-07A50FB8D937}.Release(DLL)|x86.ActiveCfg = Release|Any CPU
		{33FCD856-2414-4A47-814A-07A50FB8D937}.Release(DLL)|x86.Build.0 = Release|Any CPU
		{33FCD856-2414-4A47-814A-07A50FB8D937}.Release(XP)|Any CPU.ActiveCfg = Release|Any CPU
		{33FCD856-2414-4A47-814A-07A50FB8D937}.Release(XP)|Any CPU.Build.0 = Release|Any CPU
		{33FCD856-2414-4A47-814A-07A50FB8D937}.Release(XP)|x64.ActiveCfg = Release|Any CPU
		{33FCD856-2414-4A47-814A-07A50FB8D937}.Release(XP)|x64.Build.0 = Release|Any CPU
		{33FCD856-2414-4A47-814A-07A50FB8D937}.Release(XP)|x86.ActiveCfg = Release|Any CPU
		{33FCD856-2414-4A47-814A-07A50FB8D937}.Release(XP)|x86.Build.0 = Release|Any CPU
		{33FCD856-2414-4A47-814A-07A50FB8D937}.Release|Any CPU.ActiveCfg = Release|Any CPU
		{33FCD856-2414-4A47-814A-07A50FB8D937}.Release|Any CPU.Build.0 = Release|Any CPU
		{33FCD856-2414-4A47-814A-07A50FB8D937}.Release|x64.ActiveCfg = Release|Any CPU
		{33FCD856-2414-4A47-814A-07A50FB8D937}.Release|x64.Build.0 = Release|Any CPU
		{33FCD856-2414-4A47-814A-07A50FB8D937}.Release|x86.ActiveCfg = Release|Any CPU
		{33FCD856-2414-4A47-814A-07A50FB8D937}.Release|x86.Build.0 = Release|Any CPU
		{12CB9E48-581B-4FD9-B5A0-3506FA59BD82}.Debug(DLL)|Any CPU.ActiveCfg = Release|x64
		{12CB9E48-581B-4FD9-B5A0-3506FA59BD82}.Debug(DLL)|Any CPU.Build.0 = Release|x64
		{12CB9E48-581B-4FD9-B5A0-3506FA59BD82}.Debug(DLL)|x64.ActiveCfg = Debug|x64
		{12CB9E48-581B-4FD9-B5A0-3506FA59BD82}.Debug(DLL)|x64.Build.0 = Debug|x64
		{12CB9E48-581B-4FD9-B5A0-3506FA59BD82}.Debug(DLL)|x86.ActiveCfg = Debug|Win32
		{12CB9E48-581B-4FD9-B5A0-3506FA59BD82}.Debug(DLL)|x86.Build.0 = Debug|Win32
		{12CB9E48-581B-4FD9-B5A0-3506FA59BD82}.Debug(XP)|Any CPU.ActiveCfg = Release|x64
		{12CB9E48-581B-4FD9-B5A0-3506FA59BD82}.Debug(XP)|Any CPU.Build.0 = Release|x64
		{12CB9E48-581B-4FD9-B5A0-3506FA59BD82}.Debug(XP)|x64.ActiveCfg = Debug|x64
		{12CB9E48-581B-4FD9-B5A0-3506FA59BD82}.Debug(XP)|x64.Build.0 = Debug|x64
		{12CB9E48-581B-4FD9-B5A0-3506FA59BD82}.Debug(XP)|x86.ActiveCfg = Debug|Win32
		{12CB9E48-581B-4FD9-B5A0-3506FA59BD82}.Debug(XP)|x86.Build.0 = Debug|Win32
		{12CB9E48-581B-4FD9-B5A0-3506FA59BD82}.Debug|Any CPU.ActiveCfg = Debug|Win32
		{12CB9E48-581B-4FD9-B5A0-3506FA59BD82}.Debug|x64.ActiveCfg = Debug|x64
		{12CB9E48-581B-4FD9-B5A0-3506FA59BD82}.Debug|x64.Build.0 = Debug|x64
		{12CB9E48-581B-4FD9-B5A0-3506FA59BD82}.Debug|x86.ActiveCfg = Debug|Win32
		{12CB9E48-581B-4FD9-B5A0-3506FA59BD82}.Debug|x86.Build.0 = Debug|Win32
		{12CB9E48-581B-4FD9-B5A0-3506FA59BD82}.Release(DLL)|Any CPU.ActiveCfg = Release|x64
		{12CB9E48-581B-4FD9-B5A0-3506FA59BD82}.Release(DLL)|Any CPU.Build.0 = Release|x64
		{12CB9E48-581B-4FD9-B5A0-3506FA59BD82}.Release(DLL)|x64.ActiveCfg = Release|x64
		{12CB9E48-581B-4FD9-B5A0-3506FA59BD82}.Release(DLL)|x64.Build.0 = Release|x64
		{12CB9E48-581B-4FD9-B5A0-3506FA59BD82}.Release(DLL)|x86.ActiveCfg = Release|Win32
		{12CB9E48-581B-4FD9-B5A0-3506FA59BD82}.Release(DLL)|x86.Build.0 = Release|Win32
		{12CB9E48-581B-4FD9-B5A0-3506FA59BD82}.Release(XP)|Any CPU.ActiveCfg = Release|x64
		{12CB9E48-581B-4FD9-B5A0-3506FA59BD82}.Release(XP)|Any CPU.Build.0 = Release|x64
		{12CB9E48-581B-4FD9-B5A0-3506FA59BD82}.Release(XP)|x64.ActiveCfg = Release|x64
		{12CB9E48-581B-4FD9-B5A0-3506FA59BD82}.Release(XP)|x64.Build.0 = Release|x64
		{12CB9E48-581B-4FD9-B5A0-3506FA59BD82}.Release(XP)|x86.ActiveCfg = Release|Win32
		{12CB9E48-581B-4FD9-B5A0-3506FA59BD82}.Release(XP)|x86.Build.0 = Release|Win32
		{12CB9E48-581B-4FD9-B5A0-3506FA59BD82}.Release|Any CPU.ActiveCfg = Release|Win32
		{12CB9E48-581B-4FD9-B5A0-3506FA59BD82}.Release|x64.ActiveCfg = Release|x64
		{12CB9E48-581B-4FD9-B5A0-3506FA59BD82}.Release|x64.Build.0 = Release|x64
		{12CB9E48-581B-4FD9-B5A0-3506FA59BD82}.Release|x86.ActiveCfg = Release|Win32
		{12CB9E48-581B-4FD9-B5A0-3506FA59BD82}.Release|x86.Build.0 = Release|Win32
		{A2C53563-46F5-4D87-903F-3F1F2FDB2DEB}.Debug(DLL)|Any CPU.ActiveCfg = Debug(DLL)|Win32
		{A2C53563-46F5-4D87-903F-3F1F2FDB2DEB}.Debug(DLL)|x64.ActiveCfg = Debug(DLL)|x64
		{A2C53563-46F5-4D87-903F-3F1F2FDB2DEB}.Debug(DLL)|x64.Build.0 = Debug(DLL)|x64
		{A2C53563-46F5-4D87-903F-3F1F2FDB2DEB}.Debug(DLL)|x86.ActiveCfg = Debug(DLL)|Win32
		{A2C53563-46F5-4D87-903F-3F1F2FDB2DEB}.Debug(DLL)|x86.Build.0 = Debug(DLL)|Win32
		{A2C53563-46F5-4D87-903F-3F1F2FDB2DEB}.Debug(XP)|Any CPU.ActiveCfg = Debug(XP)|Win32
		{A2C53563-46F5-4D87-903F-3F1F2FDB2DEB}.Debug(XP)|x64.ActiveCfg = Debug(XP)|x64
		{A2C53563-46F5-4D87-903F-3F1F2FDB2DEB}.Debug(XP)|x64.Build.0 = Debug(XP)|x64
		{A2C53563-46F5-4D87-903F-3F1F2FDB2DEB}.Debug(XP)|x86.ActiveCfg = Debug(XP)|Win32
		{A2C53563-46F5-4D87-903F-3F1F2FDB2DEB}.Debug(XP)|x86.Build.0 = Debug(XP)|Win32
		{A2C53563-46F5-4D87-903F-3F1F2FDB2DEB}.Debug|Any CPU.ActiveCfg = Debug|Win32
		{A2C53563-46F5-4D87-903F-3F1F2FDB2DEB}.Debug|x64.ActiveCfg = Debug|x64
		{A2C53563-46F5-4D87-903F-3F1F2FDB2DEB}.Debug|x64.Build.0 = Debug|x64
		{A2C53563-46F5-4D87-903F-3F1F2FDB2DEB}.Debug|x86.ActiveCfg = Debug|Win32
		{A2C53563-46F5-4D87-903F-3F1F2FDB2DEB}.Debug|x86.Build.0 = Debug|Win32
		{A2C53563-46F5-4D87-903F-3F1F2FDB2DEB}.Release(DLL)|Any CPU.ActiveCfg = Release(DLL)|Win32
		{A2C53563-46F5-4D87-903F-3F1F2FDB2DEB}.Release(DLL)|x64.ActiveCfg = Release(DLL)|x64
		{A2C53563-46F5-4D87-903F-3F1F2FDB2DEB}.Release(DLL)|x64.Build.0 = Release(DLL)|x64
		{A2C53563-46F5-4D87-903F-3F1F2FDB2DEB}.Release(DLL)|x86.ActiveCfg = Release(DLL)|Win32
		{A2C53563-46F5-4D87-903F-3F1F2FDB2DEB}.Release(DLL)|x86.Build.0 = Release(DLL)|Win32
		{A2C53563-46F5-4D87-903F-3F1F2FDB2DEB}.Release(XP)|Any CPU.ActiveCfg = Release(XP)|Win32
		{A2C53563-46F5-4D87-903F-3F1F2FDB2DEB}.Release(XP)|x64.ActiveCfg = Release(XP)|x64
		{A2C53563-46F5-4D87-903F-3F1F2FDB2DEB}.Release(XP)|x64.Build.0 = Release(XP)|x64
		{A2C53563-46F5-4D87-903F-3F1F2FDB2DEB}.Release(XP)|x86.ActiveCfg = Release(XP)|Win32
		{A2C53563-46F5-4D87-903F-3F1F2FDB2DEB}.Release(XP)|x86.Build.0 = Release(XP)|Win32
		{A2C53563-46F5-4D87-903F-3F1F2FDB2DEB}.Release|Any CPU.ActiveCfg = Release|Win32
		{A2C53563-46F5-4D87-903F-3F1F2FDB2DEB}.Release|x64.ActiveCfg = Release|x64
		{A2C53563-46F5-4D87-903F-3F1F2FDB2DEB}.Release|x64.Build.0 = Release|x64
		{A2C53563-46F5-4D87-903F-3F1F2FDB2DEB}.Release|x86.ActiveCfg = Release|Win32
		{A2C53563-46F5-4D87-903F-3F1F2FDB2DEB}.Release|x86.Build.0 = Release|Win32
	EndGlobalSection
	GlobalSection(SolutionProperties) = preSolution
		HideSolutionNode = FALSE
	EndGlobalSection
	GlobalSection(ExtensibilityGlobals) = postSolution
		SolutionGuid = {5760A5D4-A796-47C9-AB2B-1C8E78CE6517}
	EndGlobalSection
EndGlobal
